
Microsoft Visual Studio Solution File, Format Version 12.00
# Visual Studio Version 17
VisualStudioVersion = 17.2.32519.379
MinimumVisualStudioVersion = 10.0.40219.1
Project("{FAE04EC0-301F-11D3-BF4B-00C04F79EFBC}") = "WindowsFormsApp1", "WindowsFormsApp1\WindowsFormsApp1.csproj", "{B4931FD1-1821-432C-80A1-418F1BA1EED3}"
EndProject
Global
	GlobalSection(SolutionConfigurationPlatforms) = preSolution
		Debug|Any CPU = Debug|Any CPU
		Release|Any CPU = Release|Any CPU
	EndGlobalSection
	GlobalSection(ProjectConfigurationPlatforms) = postSolution
		{B4931FD1-1821-432C-80A1-418F1BA1EED3}.Debug|Any CPU.ActiveCfg = Debug|Any CPU
		{B4931FD1-1821-432C-80A1-418F1BA1EED3}.Debug|Any CPU.Build.0 = Debug|Any CPU
		{B4931FD1-1821-432C-80A1-418F1BA1EED3}.Release|Any CPU.ActiveCfg = Release|Any CPU
		{B4931FD1-1821-432C-80A1-418F1BA1EED3}.Release|Any CPU.Build.0 = Release|Any CPU
	EndGlobalSection
	GlobalSection(SolutionProperties) = preSolution
		HideSolutionNode = FALSE
	EndGlobalSection
	GlobalSection(ExtensibilityGlobals) = postSolution
		SolutionGuid = {353549B7-F257-4CAC-9623-B7806C96173B}
	EndGlobalSection
EndGlobal
